
Microsoft Visual Studio Solution File, Format Version 12.00
# Visual Studio Version 16
VisualStudioVersion = 16.0.31702.278
MinimumVisualStudioVersion = 10.0.40219.1
Project("{FAE04EC0-301F-11D3-BF4B-00C04F79EFBC}") = "Lab7", "Lab7\Lab7.csproj", "{64611AFE-0C14-461D-AAEE-FB2D2162CB05}"
EndProject
Global
	GlobalSection(SolutionConfigurationPlatforms) = preSolution
		Debug|Any CPU = Debug|Any CPU
		Release|Any CPU = Release|Any CPU
	EndGlobalSection
	GlobalSection(ProjectConfigurationPlatforms) = postSolution
		{64611AFE-0C14-461D-AAEE-FB2D2162CB05}.Debug|Any CPU.ActiveCfg = Debug|Any CPU
		{64611AFE-0C14-461D-AAEE-FB2D2162CB05}.Debug|Any CPU.Build.0 = Debug|Any CPU
		{64611AFE-0C14-461D-AAEE-FB2D2162CB05}.Release|Any CPU.ActiveCfg = Release|Any CPU
		{64611AFE-0C14-461D-AAEE-FB2D2162CB05}.Release|Any CPU.Build.0 = Release|Any CPU
	EndGlobalSection
	GlobalSection(SolutionProperties) = preSolution
		HideSolutionNode = FALSE
	EndGlobalSection
	GlobalSection(ExtensibilityGlobals) = postSolution
		SolutionGuid = {70850AAF-AC60-4293-8950-00BCC0FED530}
	EndGlobalSection
EndGlobal
